
Microsoft Visual Studio Solution File, Format Version 12.00
# Visual Studio Version 16
VisualStudioVersion = 16.0.30503.244
MinimumVisualStudioVersion = 10.0.40219.1
Project("{9A19103F-16F7-4668-BE54-9A1E7A4F7556}") = "Entities", "Entities\Entities.csproj", "{51F87193-61CD-41C7-9E34-850C8AB22B7C}"
EndProject
Project("{9A19103F-16F7-4668-BE54-9A1E7A4F7556}") = "DataAccess", "DataAccess\DataAccess.csproj", "{D8E94D7D-4D9A-4CDA-8D43-85F84017C6BB}"
EndProject
Project("{9A19103F-16F7-4668-BE54-9A1E7A4F7556}") = "Business", "Business\Business.csproj", "{1158EDF4-AFFA-407B-9AB4-C7D35A2E3CE1}"
EndProject
Project("{FAE04EC0-301F-11D3-BF4B-00C04F79EFBC}") = "ConsoleUI", "ConsoleUI\ConsoleUI.csproj", "{51CE48A8-CD9C-48B6-A5B0-FAB25307EB7A}"
EndProject
Global
	GlobalSection(SolutionConfigurationPlatforms) = preSolution
		Debug|Any CPU = Debug|Any CPU
		Release|Any CPU = Release|Any CPU
	EndGlobalSection
	GlobalSection(ProjectConfigurationPlatforms) = postSolution
		{51F87193-61CD-41C7-9E34-850C8AB22B7C}.Debug|Any CPU.ActiveCfg = Debug|Any CPU
		{51F87193-61CD-41C7-9E34-850C8AB22B7C}.Debug|Any CPU.Build.0 = Debug|Any CPU
		{51F87193-61CD-41C7-9E34-850C8AB22B7C}.Release|Any CPU.ActiveCfg = Release|Any CPU
		{51F87193-61CD-41C7-9E34-850C8AB22B7C}.Release|Any CPU.Build.0 = Release|Any CPU
		{D8E94D7D-4D9A-4CDA-8D43-85F84017C6BB}.Debug|Any CPU.ActiveCfg = Debug|Any CPU
		{D8E94D7D-4D9A-4CDA-8D43-85F84017C6BB}.Debug|Any CPU.Build.0 = Debug|Any CPU
		{D8E94D7D-4D9A-4CDA-8D43-85F84017C6BB}.Release|Any CPU.ActiveCfg = Release|Any CPU
		{D8E94D7D-4D9A-4CDA-8D43-85F84017C6BB}.Release|Any CPU.Build.0 = Release|Any CPU
		{1158EDF4-AFFA-407B-9AB4-C7D35A2E3CE1}.Debug|Any CPU.ActiveCfg = Debug|Any CPU
		{1158EDF4-AFFA-407B-9AB4-C7D35A2E3CE1}.Debug|Any CPU.Build.0 = Debug|Any CPU
		{1158EDF4-AFFA-407B-9AB4-C7D35A2E3CE1}.Release|Any CPU.ActiveCfg = Release|Any CPU
		{1158EDF4-AFFA-407B-9AB4-C7D35A2E3CE1}.Release|Any CPU.Build.0 = Release|Any CPU
		{51CE48A8-CD9C-48B6-A5B0-FAB25307EB7A}.Debug|Any CPU.ActiveCfg = Debug|Any CPU
		{51CE48A8-CD9C-48B6-A5B0-FAB25307EB7A}.Debug|Any CPU.Build.0 = Debug|Any CPU
		{51CE48A8-CD9C-48B6-A5B0-FAB25307EB7A}.Release|Any CPU.ActiveCfg = Release|Any CPU
		{51CE48A8-CD9C-48B6-A5B0-FAB25307EB7A}.Release|Any CPU.Build.0 = Release|Any CPU
	EndGlobalSection
	GlobalSection(SolutionProperties) = preSolution
		HideSolutionNode = FALSE
	EndGlobalSection
	GlobalSection(ExtensibilityGlobals) = postSolution
		SolutionGuid = {8276FD9B-ED4A-47D8-B66E-95B68EEC13C5}
	EndGlobalSection
EndGlobal
